// !$*UTF8*$!
{
	archiveVersion = 1;
	classes = {
	};
	objectVersion = 50;
	objects = {

/* Begin PBXBuildFile section */
		0312C7CB283D201700F27DA1 /* DefaultValues.swift in Sources */ = {isa = PBXBuildFile; fileRef = 0312C7CA283D201700F27DA1 /* DefaultValues.swift */; };
		03146E6925EE896D00F4C8B3 /* RestRequest.swift in Sources */ = {isa = PBXBuildFile; fileRef = 03146E6825EE896D00F4C8B3 /* RestRequest.swift */; };
		0329EF5C260F85F800D15BA3 /* Project Notepad.rtf in Resources */ = {isa = PBXBuildFile; fileRef = 0329EF5B260F85F800D15BA3 /* Project Notepad.rtf */; };
		033E666725E9426F00C56F24 /* InputView.swift in Sources */ = {isa = PBXBuildFile; fileRef = 033E666625E9426F00C56F24 /* InputView.swift */; };
		033E666C25E975D300C56F24 /* RestPeriodView.swift in Sources */ = {isa = PBXBuildFile; fileRef = 033E666B25E975D300C56F24 /* RestPeriodView.swift */; };
		033E667825EA952E00C56F24 /* TimeIntervalExtension.swift in Sources */ = {isa = PBXBuildFile; fileRef = 033E667725EA952E00C56F24 /* TimeIntervalExtension.swift */; };
		033E667D25EA976900C56F24 /* RestPlanView.swift in Sources */ = {isa = PBXBuildFile; fileRef = 033E667C25EA976900C56F24 /* RestPlanView.swift */; };
		037F794025E6A3EA001A34B9 /* FlightRestsApp.swift in Sources */ = {isa = PBXBuildFile; fileRef = 037F793F25E6A3EA001A34B9 /* FlightRestsApp.swift */; };
		037F794225E6A3EA001A34B9 /* ContentView.swift in Sources */ = {isa = PBXBuildFile; fileRef = 037F794125E6A3EA001A34B9 /* ContentView.swift */; };
		037F794425E6A3F3001A34B9 /* Assets.xcassets in Resources */ = {isa = PBXBuildFile; fileRef = 037F794325E6A3F3001A34B9 /* Assets.xcassets */; };
		037F794725E6A3F3001A34B9 /* Preview Assets.xcassets in Resources */ = {isa = PBXBuildFile; fileRef = 037F794625E6A3F3001A34B9 /* Preview Assets.xcassets */; };
		037F795225E6A3F4001A34B9 /* FlightRestsTests.swift in Sources */ = {isa = PBXBuildFile; fileRef = 037F795125E6A3F4001A34B9 /* FlightRestsTests.swift */; };
		037F795D25E6A3F4001A34B9 /* FlightRestsUITests.swift in Sources */ = {isa = PBXBuildFile; fileRef = 037F795C25E6A3F4001A34B9 /* FlightRestsUITests.swift */; };
		037F796E25E6A441001A34B9 /* DateExtension.swift in Sources */ = {isa = PBXBuildFile; fileRef = 037F796D25E6A441001A34B9 /* DateExtension.swift */; };
		037F797325E6A45A001A34B9 /* AssignedRestPeriod.swift in Sources */ = {isa = PBXBuildFile; fileRef = 037F797225E6A45A001A34B9 /* AssignedRestPeriod.swift */; };
		037F797825E6A481001A34B9 /* RestCalculator.swift in Sources */ = {isa = PBXBuildFile; fileRef = 037F797725E6A481001A34B9 /* RestCalculator.swift */; };
		0391D6CC27C004D300802596 /* DateAdjuster.swift in Sources */ = {isa = PBXBuildFile; fileRef = 0391D6CB27C004D300802596 /* DateAdjuster.swift */; };
		03AE5C9025FBC07500EEBC79 /* RequestLog.swift in Sources */ = {isa = PBXBuildFile; fileRef = 03AE5C8F25FBC07500EEBC79 /* RequestLog.swift */; };
		03AE5C9625FBC4E600EEBC79 /* FileManagerExtension.swift in Sources */ = {isa = PBXBuildFile; fileRef = 03AE5C9525FBC4E600EEBC79 /* FileManagerExtension.swift */; };
		03AE5C9B25FC1B8B00EEBC79 /* RecentRequestsView.swift in Sources */ = {isa = PBXBuildFile; fileRef = 03AE5C9A25FC1B8B00EEBC79 /* RecentRequestsView.swift */; };
		03CB03CA25F6A3FB0037DAE4 /* RestRequestView.swift in Sources */ = {isa = PBXBuildFile; fileRef = 03CB03C925F6A3FB0037DAE4 /* RestRequestView.swift */; };
		03CB03D625F9149D0037DAE4 /* NavigationButton.swift in Sources */ = {isa = PBXBuildFile; fileRef = 03CB03D525F9149D0037DAE4 /* NavigationButton.swift */; };
		03D3054928117FAD008071E7 /* WelcomeView.swift in Sources */ = {isa = PBXBuildFile; fileRef = 03D3054828117FAD008071E7 /* WelcomeView.swift */; };
		03D3054B28119E4A008071E7 /* DeviceRotationViewModifier.swift in Sources */ = {isa = PBXBuildFile; fileRef = 03D3054A28119E4A008071E7 /* DeviceRotationViewModifier.swift */; };
		03F128F428523B18006DCEC8 /* NotificationManager.swift in Sources */ = {isa = PBXBuildFile; fileRef = 03F128F328523B18006DCEC8 /* NotificationManager.swift */; };
		32FBE40E2586499B506E8218 /* Pods_FlightRests_FlightRestsUITests.framework in Frameworks */ = {isa = PBXBuildFile; fileRef = 6FD1492E4E25F34CAE5F8293 /* Pods_FlightRests_FlightRestsUITests.framework */; };
		3D255A55C48DB2A18DB1F82C /* Pods_FlightRestsTests.framework in Frameworks */ = {isa = PBXBuildFile; fileRef = BC1F2861CB79EB2FBF9495CA /* Pods_FlightRestsTests.framework */; };
		4F036E3EE0C0A0AC6CEDCD36 /* Pods_FlightRests.framework in Frameworks */ = {isa = PBXBuildFile; fileRef = 7799D0F36705B58BD601B59F /* Pods_FlightRests.framework */; };
/* End PBXBuildFile section */

/* Begin PBXContainerItemProxy section */
		037F794E25E6A3F4001A34B9 /* PBXContainerItemProxy */ = {
			isa = PBXContainerItemProxy;
			containerPortal = 037F793425E6A3E9001A34B9 /* Project object */;
			proxyType = 1;
			remoteGlobalIDString = 037F793B25E6A3EA001A34B9;
			remoteInfo = FlightRests;
		};
		037F795925E6A3F4001A34B9 /* PBXContainerItemProxy */ = {
			isa = PBXContainerItemProxy;
			containerPortal = 037F793425E6A3E9001A34B9 /* Project object */;
			proxyType = 1;
			remoteGlobalIDString = 037F793B25E6A3EA001A34B9;
			remoteInfo = FlightRests;
		};
/* End PBXContainerItemProxy section */

/* Begin PBXFileReference section */
		0312C7CA283D201700F27DA1 /* DefaultValues.swift */ = {isa = PBXFileReference; lastKnownFileType = sourcecode.swift; path = DefaultValues.swift; sourceTree = "<group>"; };
		03146E6825EE896D00F4C8B3 /* RestRequest.swift */ = {isa = PBXFileReference; lastKnownFileType = sourcecode.swift; path = RestRequest.swift; sourceTree = "<group>"; };
		0329EF5B260F85F800D15BA3 /* Project Notepad.rtf */ = {isa = PBXFileReference; lastKnownFileType = text.rtf; path = "Project Notepad.rtf"; sourceTree = "<group>"; };
		033E666625E9426F00C56F24 /* InputView.swift */ = {isa = PBXFileReference; lastKnownFileType = sourcecode.swift; path = InputView.swift; sourceTree = "<group>"; };
		033E666B25E975D300C56F24 /* RestPeriodView.swift */ = {isa = PBXFileReference; lastKnownFileType = sourcecode.swift; path = RestPeriodView.swift; sourceTree = "<group>"; };
		033E667725EA952E00C56F24 /* TimeIntervalExtension.swift */ = {isa = PBXFileReference; lastKnownFileType = sourcecode.swift; path = TimeIntervalExtension.swift; sourceTree = "<group>"; };
		033E667C25EA976900C56F24 /* RestPlanView.swift */ = {isa = PBXFileReference; lastKnownFileType = sourcecode.swift; path = RestPlanView.swift; sourceTree = "<group>"; };
		037F793C25E6A3EA001A34B9 /* FlightRests.app */ = {isa = PBXFileReference; explicitFileType = wrapper.application; includeInIndex = 0; path = FlightRests.app; sourceTree = BUILT_PRODUCTS_DIR; };
		037F793F25E6A3EA001A34B9 /* FlightRestsApp.swift */ = {isa = PBXFileReference; lastKnownFileType = sourcecode.swift; path = FlightRestsApp.swift; sourceTree = "<group>"; };
		037F794125E6A3EA001A34B9 /* ContentView.swift */ = {isa = PBXFileReference; lastKnownFileType = sourcecode.swift; path = ContentView.swift; sourceTree = "<group>"; };
		037F794325E6A3F3001A34B9 /* Assets.xcassets */ = {isa = PBXFileReference; lastKnownFileType = folder.assetcatalog; path = Assets.xcassets; sourceTree = "<group>"; };
		037F794625E6A3F3001A34B9 /* Preview Assets.xcassets */ = {isa = PBXFileReference; lastKnownFileType = folder.assetcatalog; path = "Preview Assets.xcassets"; sourceTree = "<group>"; };
		037F794825E6A3F3001A34B9 /* Info.plist */ = {isa = PBXFileReference; lastKnownFileType = text.plist.xml; path = Info.plist; sourceTree = "<group>"; };
		037F794D25E6A3F4001A34B9 /* FlightRestsTests.xctest */ = {isa = PBXFileReference; explicitFileType = wrapper.cfbundle; includeInIndex = 0; path = FlightRestsTests.xctest; sourceTree = BUILT_PRODUCTS_DIR; };
		037F795125E6A3F4001A34B9 /* FlightRestsTests.swift */ = {isa = PBXFileReference; lastKnownFileType = sourcecode.swift; path = FlightRestsTests.swift; sourceTree = "<group>"; };
		037F795325E6A3F4001A34B9 /* Info.plist */ = {isa = PBXFileReference; lastKnownFileType = text.plist.xml; path = Info.plist; sourceTree = "<group>"; };
		037F795825E6A3F4001A34B9 /* FlightRestsUITests.xctest */ = {isa = PBXFileReference; explicitFileType = wrapper.cfbundle; includeInIndex = 0; path = FlightRestsUITests.xctest; sourceTree = BUILT_PRODUCTS_DIR; };
		037F795C25E6A3F4001A34B9 /* FlightRestsUITests.swift */ = {isa = PBXFileReference; lastKnownFileType = sourcecode.swift; path = FlightRestsUITests.swift; sourceTree = "<group>"; };
		037F795E25E6A3F4001A34B9 /* Info.plist */ = {isa = PBXFileReference; lastKnownFileType = text.plist.xml; path = Info.plist; sourceTree = "<group>"; };
		037F796D25E6A441001A34B9 /* DateExtension.swift */ = {isa = PBXFileReference; lastKnownFileType = sourcecode.swift; path = DateExtension.swift; sourceTree = "<group>"; };
		037F797225E6A45A001A34B9 /* AssignedRestPeriod.swift */ = {isa = PBXFileReference; lastKnownFileType = sourcecode.swift; path = AssignedRestPeriod.swift; sourceTree = "<group>"; };
		037F797725E6A481001A34B9 /* RestCalculator.swift */ = {isa = PBXFileReference; lastKnownFileType = sourcecode.swift; path = RestCalculator.swift; sourceTree = "<group>"; };
		0391D6CB27C004D300802596 /* DateAdjuster.swift */ = {isa = PBXFileReference; lastKnownFileType = sourcecode.swift; path = DateAdjuster.swift; sourceTree = "<group>"; };
		03AE5C8F25FBC07500EEBC79 /* RequestLog.swift */ = {isa = PBXFileReference; lastKnownFileType = sourcecode.swift; path = RequestLog.swift; sourceTree = "<group>"; };
		03AE5C9525FBC4E600EEBC79 /* FileManagerExtension.swift */ = {isa = PBXFileReference; lastKnownFileType = sourcecode.swift; path = FileManagerExtension.swift; sourceTree = "<group>"; };
		03AE5C9A25FC1B8B00EEBC79 /* RecentRequestsView.swift */ = {isa = PBXFileReference; lastKnownFileType = sourcecode.swift; path = RecentRequestsView.swift; sourceTree = "<group>"; };
		03CB03C925F6A3FB0037DAE4 /* RestRequestView.swift */ = {isa = PBXFileReference; lastKnownFileType = sourcecode.swift; path = RestRequestView.swift; sourceTree = "<group>"; };
		03CB03D525F9149D0037DAE4 /* NavigationButton.swift */ = {isa = PBXFileReference; lastKnownFileType = sourcecode.swift; path = NavigationButton.swift; sourceTree = "<group>"; };
		03D3054828117FAD008071E7 /* WelcomeView.swift */ = {isa = PBXFileReference; lastKnownFileType = sourcecode.swift; path = WelcomeView.swift; sourceTree = "<group>"; };
		03D3054A28119E4A008071E7 /* DeviceRotationViewModifier.swift */ = {isa = PBXFileReference; lastKnownFileType = sourcecode.swift; path = DeviceRotationViewModifier.swift; sourceTree = "<group>"; };
		03F128F328523B18006DCEC8 /* NotificationManager.swift */ = {isa = PBXFileReference; lastKnownFileType = sourcecode.swift; path = NotificationManager.swift; sourceTree = "<group>"; };
		26377A16B43F715992BCA64E /* Pods-FlightRestsTests.debug.xcconfig */ = {isa = PBXFileReference; includeInIndex = 1; lastKnownFileType = text.xcconfig; name = "Pods-FlightRestsTests.debug.xcconfig"; path = "Target Support Files/Pods-FlightRestsTests/Pods-FlightRestsTests.debug.xcconfig"; sourceTree = "<group>"; };
		32B05C255557E73880ED2AD8 /* Pods-FlightRests-FlightRestsUITests.release.xcconfig */ = {isa = PBXFileReference; includeInIndex = 1; lastKnownFileType = text.xcconfig; name = "Pods-FlightRests-FlightRestsUITests.release.xcconfig"; path = "Target Support Files/Pods-FlightRests-FlightRestsUITests/Pods-FlightRests-FlightRestsUITests.release.xcconfig"; sourceTree = "<group>"; };
		4CBF295E110C2FF4F07D1BF0 /* Pods-FlightRests.release.xcconfig */ = {isa = PBXFileReference; includeInIndex = 1; lastKnownFileType = text.xcconfig; name = "Pods-FlightRests.release.xcconfig"; path = "Target Support Files/Pods-FlightRests/Pods-FlightRests.release.xcconfig"; sourceTree = "<group>"; };
		57A33033B643B97DDCCDC282 /* Pods-FlightRests-FlightRestsUITests.debug.xcconfig */ = {isa = PBXFileReference; includeInIndex = 1; lastKnownFileType = text.xcconfig; name = "Pods-FlightRests-FlightRestsUITests.debug.xcconfig"; path = "Target Support Files/Pods-FlightRests-FlightRestsUITests/Pods-FlightRests-FlightRestsUITests.debug.xcconfig"; sourceTree = "<group>"; };
		6FD1492E4E25F34CAE5F8293 /* Pods_FlightRests_FlightRestsUITests.framework */ = {isa = PBXFileReference; explicitFileType = wrapper.framework; includeInIndex = 0; path = Pods_FlightRests_FlightRestsUITests.framework; sourceTree = BUILT_PRODUCTS_DIR; };
		7799D0F36705B58BD601B59F /* Pods_FlightRests.framework */ = {isa = PBXFileReference; explicitFileType = wrapper.framework; includeInIndex = 0; path = Pods_FlightRests.framework; sourceTree = BUILT_PRODUCTS_DIR; };
		BC1F2861CB79EB2FBF9495CA /* Pods_FlightRestsTests.framework */ = {isa = PBXFileReference; explicitFileType = wrapper.framework; includeInIndex = 0; path = Pods_FlightRestsTests.framework; sourceTree = BUILT_PRODUCTS_DIR; };
		E7138FB98CDD2573FBDFA9A3 /* Pods-FlightRests.debug.xcconfig */ = {isa = PBXFileReference; includeInIndex = 1; lastKnownFileType = text.xcconfig; name = "Pods-FlightRests.debug.xcconfig"; path = "Target Support Files/Pods-FlightRests/Pods-FlightRests.debug.xcconfig"; sourceTree = "<group>"; };
		EBCC1560A6FABC03F6C5E45A /* Pods-FlightRestsTests.release.xcconfig */ = {isa = PBXFileReference; includeInIndex = 1; lastKnownFileType = text.xcconfig; name = "Pods-FlightRestsTests.release.xcconfig"; path = "Target Support Files/Pods-FlightRestsTests/Pods-FlightRestsTests.release.xcconfig"; sourceTree = "<group>"; };
/* End PBXFileReference section */

/* Begin PBXFrameworksBuildPhase section */
		037F793925E6A3EA001A34B9 /* Frameworks */ = {
			isa = PBXFrameworksBuildPhase;
			buildActionMask = 2147483647;
			files = (
				4F036E3EE0C0A0AC6CEDCD36 /* Pods_FlightRests.framework in Frameworks */,
			);
			runOnlyForDeploymentPostprocessing = 0;
		};
		037F794A25E6A3F4001A34B9 /* Frameworks */ = {
			isa = PBXFrameworksBuildPhase;
			buildActionMask = 2147483647;
			files = (
				3D255A55C48DB2A18DB1F82C /* Pods_FlightRestsTests.framework in Frameworks */,
			);
			runOnlyForDeploymentPostprocessing = 0;
		};
		037F795525E6A3F4001A34B9 /* Frameworks */ = {
			isa = PBXFrameworksBuildPhase;
			buildActionMask = 2147483647;
			files = (
				32FBE40E2586499B506E8218 /* Pods_FlightRests_FlightRestsUITests.framework in Frameworks */,
			);
			runOnlyForDeploymentPostprocessing = 0;
		};
/* End PBXFrameworksBuildPhase section */

/* Begin PBXGroup section */
		037F793325E6A3E9001A34B9 = {
			isa = PBXGroup;
			children = (
				037F793E25E6A3EA001A34B9 /* FlightRests */,
				037F795025E6A3F4001A34B9 /* FlightRestsTests */,
				037F795B25E6A3F4001A34B9 /* FlightRestsUITests */,
				EBB142B1C20F091D077C87F3 /* Frameworks */,
				1FE8EDC3FA963A57BFBE1F0D /* Pods */,
				037F793D25E6A3EA001A34B9 /* Products */,
			);
			sourceTree = "<group>";
		};
		037F793D25E6A3EA001A34B9 /* Products */ = {
			isa = PBXGroup;
			children = (
				037F793C25E6A3EA001A34B9 /* FlightRests.app */,
				037F794D25E6A3F4001A34B9 /* FlightRestsTests.xctest */,
				037F795825E6A3F4001A34B9 /* FlightRestsUITests.xctest */,
			);
			name = Products;
			sourceTree = "<group>";
		};
		037F793E25E6A3EA001A34B9 /* FlightRests */ = {
			isa = PBXGroup;
			children = (
				037F794325E6A3F3001A34B9 /* Assets.xcassets */,
				037F797225E6A45A001A34B9 /* AssignedRestPeriod.swift */,
				037F794125E6A3EA001A34B9 /* ContentView.swift */,
				0391D6CB27C004D300802596 /* DateAdjuster.swift */,
				037F796D25E6A441001A34B9 /* DateExtension.swift */,
				03D3054A28119E4A008071E7 /* DeviceRotationViewModifier.swift */,
				03AE5C9525FBC4E600EEBC79 /* FileManagerExtension.swift */,
				037F793F25E6A3EA001A34B9 /* FlightRestsApp.swift */,
				037F794825E6A3F3001A34B9 /* Info.plist */,
				033E666625E9426F00C56F24 /* InputView.swift */,
				03F128F328523B18006DCEC8 /* NotificationManager.swift */,
				0312C7CA283D201700F27DA1 /* DefaultValues.swift */,
				03CB03D525F9149D0037DAE4 /* NavigationButton.swift */,
				037F794525E6A3F3001A34B9 /* Preview Content */,
				0329EF5B260F85F800D15BA3 /* Project Notepad.rtf */,
				03AE5C9A25FC1B8B00EEBC79 /* RecentRequestsView.swift */,
				03AE5C8F25FBC07500EEBC79 /* RequestLog.swift */,
				037F797725E6A481001A34B9 /* RestCalculator.swift */,
				033E666B25E975D300C56F24 /* RestPeriodView.swift */,
				033E667C25EA976900C56F24 /* RestPlanView.swift */,
				03146E6825EE896D00F4C8B3 /* RestRequest.swift */,
				03CB03C925F6A3FB0037DAE4 /* RestRequestView.swift */,
				033E667725EA952E00C56F24 /* TimeIntervalExtension.swift */,
				03D3054828117FAD008071E7 /* WelcomeView.swift */,
			);
			path = FlightRests;
			sourceTree = "<group>";
		};
		037F794525E6A3F3001A34B9 /* Preview Content */ = {
			isa = PBXGroup;
			children = (
				037F794625E6A3F3001A34B9 /* Preview Assets.xcassets */,
			);
			path = "Preview Content";
			sourceTree = "<group>";
		};
		037F795025E6A3F4001A34B9 /* FlightRestsTests */ = {
			isa = PBXGroup;
			children = (
				037F795125E6A3F4001A34B9 /* FlightRestsTests.swift */,
				037F795325E6A3F4001A34B9 /* Info.plist */,
			);
			path = FlightRestsTests;
			sourceTree = "<group>";
		};
		037F795B25E6A3F4001A34B9 /* FlightRestsUITests */ = {
			isa = PBXGroup;
			children = (
				037F795C25E6A3F4001A34B9 /* FlightRestsUITests.swift */,
				037F795E25E6A3F4001A34B9 /* Info.plist */,
			);
			path = FlightRestsUITests;
			sourceTree = "<group>";
		};
		1FE8EDC3FA963A57BFBE1F0D /* Pods */ = {
			isa = PBXGroup;
			children = (
				E7138FB98CDD2573FBDFA9A3 /* Pods-FlightRests.debug.xcconfig */,
				4CBF295E110C2FF4F07D1BF0 /* Pods-FlightRests.release.xcconfig */,
				57A33033B643B97DDCCDC282 /* Pods-FlightRests-FlightRestsUITests.debug.xcconfig */,
				32B05C255557E73880ED2AD8 /* Pods-FlightRests-FlightRestsUITests.release.xcconfig */,
				26377A16B43F715992BCA64E /* Pods-FlightRestsTests.debug.xcconfig */,
				EBCC1560A6FABC03F6C5E45A /* Pods-FlightRestsTests.release.xcconfig */,
			);
			path = Pods;
			sourceTree = "<group>";
		};
		EBB142B1C20F091D077C87F3 /* Frameworks */ = {
			isa = PBXGroup;
			children = (
				7799D0F36705B58BD601B59F /* Pods_FlightRests.framework */,
				6FD1492E4E25F34CAE5F8293 /* Pods_FlightRests_FlightRestsUITests.framework */,
				BC1F2861CB79EB2FBF9495CA /* Pods_FlightRestsTests.framework */,
			);
			name = Frameworks;
			sourceTree = "<group>";
		};
/* End PBXGroup section */

/* Begin PBXNativeTarget section */
		037F793B25E6A3EA001A34B9 /* FlightRests */ = {
			isa = PBXNativeTarget;
			buildConfigurationList = 037F796125E6A3F4001A34B9 /* Build configuration list for PBXNativeTarget "FlightRests" */;
			buildPhases = (
				98DB8175B12C8BB84D29AE5E /* [CP] Check Pods Manifest.lock */,
				037F793825E6A3EA001A34B9 /* Sources */,
				037F793925E6A3EA001A34B9 /* Frameworks */,
				037F793A25E6A3EA001A34B9 /* Resources */,
				03BC94A425E908E0009A3924 /* ShellScript */,
			);
			buildRules = (
			);
			dependencies = (
			);
			name = FlightRests;
			productName = FlightRests;
			productReference = 037F793C25E6A3EA001A34B9 /* FlightRests.app */;
			productType = "com.apple.product-type.application";
		};
		037F794C25E6A3F4001A34B9 /* FlightRestsTests */ = {
			isa = PBXNativeTarget;
			buildConfigurationList = 037F796425E6A3F4001A34B9 /* Build configuration list for PBXNativeTarget "FlightRestsTests" */;
			buildPhases = (
				C75ED4F5B8187CA6D05BCC58 /* [CP] Check Pods Manifest.lock */,
				037F794925E6A3F4001A34B9 /* Sources */,
				037F794A25E6A3F4001A34B9 /* Frameworks */,
				037F794B25E6A3F4001A34B9 /* Resources */,
			);
			buildRules = (
			);
			dependencies = (
				037F794F25E6A3F4001A34B9 /* PBXTargetDependency */,
			);
			name = FlightRestsTests;
			productName = FlightRestsTests;
			productReference = 037F794D25E6A3F4001A34B9 /* FlightRestsTests.xctest */;
			productType = "com.apple.product-type.bundle.unit-test";
		};
		037F795725E6A3F4001A34B9 /* FlightRestsUITests */ = {
			isa = PBXNativeTarget;
			buildConfigurationList = 037F796725E6A3F4001A34B9 /* Build configuration list for PBXNativeTarget "FlightRestsUITests" */;
			buildPhases = (
				6E23F5B59932CD657B958122 /* [CP] Check Pods Manifest.lock */,
				037F795425E6A3F4001A34B9 /* Sources */,
				037F795525E6A3F4001A34B9 /* Frameworks */,
				037F795625E6A3F4001A34B9 /* Resources */,
			);
			buildRules = (
			);
			dependencies = (
				037F795A25E6A3F4001A34B9 /* PBXTargetDependency */,
			);
			name = FlightRestsUITests;
			productName = FlightRestsUITests;
			productReference = 037F795825E6A3F4001A34B9 /* FlightRestsUITests.xctest */;
			productType = "com.apple.product-type.bundle.ui-testing";
		};
/* End PBXNativeTarget section */

/* Begin PBXProject section */
		037F793425E6A3E9001A34B9 /* Project object */ = {
			isa = PBXProject;
			attributes = {
				LastSwiftUpdateCheck = 1220;
				LastUpgradeCheck = 1220;
				TargetAttributes = {
					037F793B25E6A3EA001A34B9 = {
						CreatedOnToolsVersion = 12.2;
					};
					037F794C25E6A3F4001A34B9 = {
						CreatedOnToolsVersion = 12.2;
						TestTargetID = 037F793B25E6A3EA001A34B9;
					};
					037F795725E6A3F4001A34B9 = {
						CreatedOnToolsVersion = 12.2;
						TestTargetID = 037F793B25E6A3EA001A34B9;
					};
				};
			};
			buildConfigurationList = 037F793725E6A3EA001A34B9 /* Build configuration list for PBXProject "FlightRests" */;
			compatibilityVersion = "Xcode 9.3";
			developmentRegion = en;
			hasScannedForEncodings = 0;
			knownRegions = (
				en,
				Base,
			);
			mainGroup = 037F793325E6A3E9001A34B9;
			productRefGroup = 037F793D25E6A3EA001A34B9 /* Products */;
			projectDirPath = "";
			projectRoot = "";
			targets = (
				037F793B25E6A3EA001A34B9 /* FlightRests */,
				037F794C25E6A3F4001A34B9 /* FlightRestsTests */,
				037F795725E6A3F4001A34B9 /* FlightRestsUITests */,
			);
		};
/* End PBXProject section */

/* Begin PBXResourcesBuildPhase section */
		037F793A25E6A3EA001A34B9 /* Resources */ = {
			isa = PBXResourcesBuildPhase;
			buildActionMask = 2147483647;
			files = (
				0329EF5C260F85F800D15BA3 /* Project Notepad.rtf in Resources */,
				037F794725E6A3F3001A34B9 /* Preview Assets.xcassets in Resources */,
				037F794425E6A3F3001A34B9 /* Assets.xcassets in Resources */,
			);
			runOnlyForDeploymentPostprocessing = 0;
		};
		037F794B25E6A3F4001A34B9 /* Resources */ = {
			isa = PBXResourcesBuildPhase;
			buildActionMask = 2147483647;
			files = (
			);
			runOnlyForDeploymentPostprocessing = 0;
		};
		037F795625E6A3F4001A34B9 /* Resources */ = {
			isa = PBXResourcesBuildPhase;
			buildActionMask = 2147483647;
			files = (
			);
			runOnlyForDeploymentPostprocessing = 0;
		};
/* End PBXResourcesBuildPhase section */

/* Begin PBXShellScriptBuildPhase section */
		03BC94A425E908E0009A3924 /* ShellScript */ = {
			isa = PBXShellScriptBuildPhase;
			buildActionMask = 2147483647;
			files = (
			);
			inputFileListPaths = (
			);
			inputPaths = (
			);
			outputFileListPaths = (
			);
			outputPaths = (
			);
			runOnlyForDeploymentPostprocessing = 0;
			shellPath = /bin/sh;
			shellScript = "\"${PODS_ROOT}/SwiftLint/swiftlint\"\n";
		};
		6E23F5B59932CD657B958122 /* [CP] Check Pods Manifest.lock */ = {
			isa = PBXShellScriptBuildPhase;
			buildActionMask = 2147483647;
			files = (
			);
			inputFileListPaths = (
			);
			inputPaths = (
				"${PODS_PODFILE_DIR_PATH}/Podfile.lock",
				"${PODS_ROOT}/Manifest.lock",
			);
			name = "[CP] Check Pods Manifest.lock";
			outputFileListPaths = (
			);
			outputPaths = (
				"$(DERIVED_FILE_DIR)/Pods-FlightRests-FlightRestsUITests-checkManifestLockResult.txt",
			);
			runOnlyForDeploymentPostprocessing = 0;
			shellPath = /bin/sh;
			shellScript = "diff \"${PODS_PODFILE_DIR_PATH}/Podfile.lock\" \"${PODS_ROOT}/Manifest.lock\" > /dev/null\nif [ $? != 0 ] ; then\n    # print error to STDERR\n    echo \"error: The sandbox is not in sync with the Podfile.lock. Run 'pod install' or update your CocoaPods installation.\" >&2\n    exit 1\nfi\n# This output is used by Xcode 'outputs' to avoid re-running this script phase.\necho \"SUCCESS\" > \"${SCRIPT_OUTPUT_FILE_0}\"\n";
			showEnvVarsInLog = 0;
		};
		98DB8175B12C8BB84D29AE5E /* [CP] Check Pods Manifest.lock */ = {
			isa = PBXShellScriptBuildPhase;
			buildActionMask = 2147483647;
			files = (
			);
			inputFileListPaths = (
			);
			inputPaths = (
				"${PODS_PODFILE_DIR_PATH}/Podfile.lock",
				"${PODS_ROOT}/Manifest.lock",
			);
			name = "[CP] Check Pods Manifest.lock";
			outputFileListPaths = (
			);
			outputPaths = (
				"$(DERIVED_FILE_DIR)/Pods-FlightRests-checkManifestLockResult.txt",
			);
			runOnlyForDeploymentPostprocessing = 0;
			shellPath = /bin/sh;
			shellScript = "diff \"${PODS_PODFILE_DIR_PATH}/Podfile.lock\" \"${PODS_ROOT}/Manifest.lock\" > /dev/null\nif [ $? != 0 ] ; then\n    # print error to STDERR\n    echo \"error: The sandbox is not in sync with the Podfile.lock. Run 'pod install' or update your CocoaPods installation.\" >&2\n    exit 1\nfi\n# This output is used by Xcode 'outputs' to avoid re-running this script phase.\necho \"SUCCESS\" > \"${SCRIPT_OUTPUT_FILE_0}\"\n";
			showEnvVarsInLog = 0;
		};
		C75ED4F5B8187CA6D05BCC58 /* [CP] Check Pods Manifest.lock */ = {
			isa = PBXShellScriptBuildPhase;
			buildActionMask = 2147483647;
			files = (
			);
			inputFileListPaths = (
			);
			inputPaths = (
				"${PODS_PODFILE_DIR_PATH}/Podfile.lock",
				"${PODS_ROOT}/Manifest.lock",
			);
			name = "[CP] Check Pods Manifest.lock";
			outputFileListPaths = (
			);
			outputPaths = (
				"$(DERIVED_FILE_DIR)/Pods-FlightRestsTests-checkManifestLockResult.txt",
			);
			runOnlyForDeploymentPostprocessing = 0;
			shellPath = /bin/sh;
			shellScript = "diff \"${PODS_PODFILE_DIR_PATH}/Podfile.lock\" \"${PODS_ROOT}/Manifest.lock\" > /dev/null\nif [ $? != 0 ] ; then\n    # print error to STDERR\n    echo \"error: The sandbox is not in sync with the Podfile.lock. Run 'pod install' or update your CocoaPods installation.\" >&2\n    exit 1\nfi\n# This output is used by Xcode 'outputs' to avoid re-running this script phase.\necho \"SUCCESS\" > \"${SCRIPT_OUTPUT_FILE_0}\"\n";
			showEnvVarsInLog = 0;
		};
/* End PBXShellScriptBuildPhase section */

/* Begin PBXSourcesBuildPhase section */
		037F793825E6A3EA001A34B9 /* Sources */ = {
			isa = PBXSourcesBuildPhase;
			buildActionMask = 2147483647;
			files = (
				03AE5C9B25FC1B8B00EEBC79 /* RecentRequestsView.swift in Sources */,
				033E666C25E975D300C56F24 /* RestPeriodView.swift in Sources */,
				03F128F428523B18006DCEC8 /* NotificationManager.swift in Sources */,
				03146E6925EE896D00F4C8B3 /* RestRequest.swift in Sources */,
				037F794225E6A3EA001A34B9 /* ContentView.swift in Sources */,
				03D3054B28119E4A008071E7 /* DeviceRotationViewModifier.swift in Sources */,
				037F796E25E6A441001A34B9 /* DateExtension.swift in Sources */,
				03D3054928117FAD008071E7 /* WelcomeView.swift in Sources */,
				037F797825E6A481001A34B9 /* RestCalculator.swift in Sources */,
				03CB03D625F9149D0037DAE4 /* NavigationButton.swift in Sources */,
				033E666725E9426F00C56F24 /* InputView.swift in Sources */,
				037F797325E6A45A001A34B9 /* AssignedRestPeriod.swift in Sources */,
				033E667D25EA976900C56F24 /* RestPlanView.swift in Sources */,
				03AE5C9625FBC4E600EEBC79 /* FileManagerExtension.swift in Sources */,
				03CB03CA25F6A3FB0037DAE4 /* RestRequestView.swift in Sources */,
				037F794025E6A3EA001A34B9 /* FlightRestsApp.swift in Sources */,
				0391D6CC27C004D300802596 /* DateAdjuster.swift in Sources */,
				03AE5C9025FBC07500EEBC79 /* RequestLog.swift in Sources */,
				0312C7CB283D201700F27DA1 /* DefaultValues.swift in Sources */,
				033E667825EA952E00C56F24 /* TimeIntervalExtension.swift in Sources */,
			);
			runOnlyForDeploymentPostprocessing = 0;
		};
		037F794925E6A3F4001A34B9 /* Sources */ = {
			isa = PBXSourcesBuildPhase;
			buildActionMask = 2147483647;
			files = (
				037F795225E6A3F4001A34B9 /* FlightRestsTests.swift in Sources */,
			);
			runOnlyForDeploymentPostprocessing = 0;
		};
		037F795425E6A3F4001A34B9 /* Sources */ = {
			isa = PBXSourcesBuildPhase;
			buildActionMask = 2147483647;
			files = (
				037F795D25E6A3F4001A34B9 /* FlightRestsUITests.swift in Sources */,
			);
			runOnlyForDeploymentPostprocessing = 0;
		};
/* End PBXSourcesBuildPhase section */

/* Begin PBXTargetDependency section */
		037F794F25E6A3F4001A34B9 /* PBXTargetDependency */ = {
			isa = PBXTargetDependency;
			target = 037F793B25E6A3EA001A34B9 /* FlightRests */;
			targetProxy = 037F794E25E6A3F4001A34B9 /* PBXContainerItemProxy */;
		};
		037F795A25E6A3F4001A34B9 /* PBXTargetDependency */ = {
			isa = PBXTargetDependency;
			target = 037F793B25E6A3EA001A34B9 /* FlightRests */;
			targetProxy = 037F795925E6A3F4001A34B9 /* PBXContainerItemProxy */;
		};
/* End PBXTargetDependency section */

/* Begin XCBuildConfiguration section */
		037F795F25E6A3F4001A34B9 /* Debug */ = {
			isa = XCBuildConfiguration;
			buildSettings = {
				ALWAYS_SEARCH_USER_PATHS = NO;
				CLANG_ANALYZER_NONNULL = YES;
				CLANG_ANALYZER_NUMBER_OBJECT_CONVERSION = YES_AGGRESSIVE;
				CLANG_CXX_LANGUAGE_STANDARD = "gnu++14";
				CLANG_CXX_LIBRARY = "libc++";
				CLANG_ENABLE_MODULES = YES;
				CLANG_ENABLE_OBJC_ARC = YES;
				CLANG_ENABLE_OBJC_WEAK = YES;
				CLANG_WARN_BLOCK_CAPTURE_AUTORELEASING = YES;
				CLANG_WARN_BOOL_CONVERSION = YES;
				CLANG_WARN_COMMA = YES;
				CLANG_WARN_CONSTANT_CONVERSION = YES;
				CLANG_WARN_DEPRECATED_OBJC_IMPLEMENTATIONS = YES;
				CLANG_WARN_DIRECT_OBJC_ISA_USAGE = YES_ERROR;
				CLANG_WARN_DOCUMENTATION_COMMENTS = YES;
				CLANG_WARN_EMPTY_BODY = YES;
				CLANG_WARN_ENUM_CONVERSION = YES;
				CLANG_WARN_INFINITE_RECURSION = YES;
				CLANG_WARN_INT_CONVERSION = YES;
				CLANG_WARN_NON_LITERAL_NULL_CONVERSION = YES;
				CLANG_WARN_OBJC_IMPLICIT_RETAIN_SELF = YES;
				CLANG_WARN_OBJC_LITERAL_CONVERSION = YES;
				CLANG_WARN_OBJC_ROOT_CLASS = YES_ERROR;
				CLANG_WARN_QUOTED_INCLUDE_IN_FRAMEWORK_HEADER = YES;
				CLANG_WARN_RANGE_LOOP_ANALYSIS = YES;
				CLANG_WARN_STRICT_PROTOTYPES = YES;
				CLANG_WARN_SUSPICIOUS_MOVE = YES;
				CLANG_WARN_UNGUARDED_AVAILABILITY = YES_AGGRESSIVE;
				CLANG_WARN_UNREACHABLE_CODE = YES;
				CLANG_WARN__DUPLICATE_METHOD_MATCH = YES;
				COPY_PHASE_STRIP = NO;
				DEBUG_INFORMATION_FORMAT = dwarf;
				ENABLE_STRICT_OBJC_MSGSEND = YES;
				ENABLE_TESTABILITY = YES;
				GCC_C_LANGUAGE_STANDARD = gnu11;
				GCC_DYNAMIC_NO_PIC = NO;
				GCC_NO_COMMON_BLOCKS = YES;
				GCC_OPTIMIZATION_LEVEL = 0;
				GCC_PREPROCESSOR_DEFINITIONS = (
					"DEBUG=1",
					"$(inherited)",
				);
				GCC_WARN_64_TO_32_BIT_CONVERSION = YES;
				GCC_WARN_ABOUT_RETURN_TYPE = YES_ERROR;
				GCC_WARN_UNDECLARED_SELECTOR = YES;
				GCC_WARN_UNINITIALIZED_AUTOS = YES_AGGRESSIVE;
				GCC_WARN_UNUSED_FUNCTION = YES;
				GCC_WARN_UNUSED_VARIABLE = YES;
				IPHONEOS_DEPLOYMENT_TARGET = 15.0;
				MTL_ENABLE_DEBUG_INFO = INCLUDE_SOURCE;
				MTL_FAST_MATH = YES;
				ONLY_ACTIVE_ARCH = YES;
				SDKROOT = iphoneos;
				SWIFT_ACTIVE_COMPILATION_CONDITIONS = DEBUG;
				SWIFT_OPTIMIZATION_LEVEL = "-Onone";
			};
			name = Debug;
		};
		037F796025E6A3F4001A34B9 /* Release */ = {
			isa = XCBuildConfiguration;
			buildSettings = {
				ALWAYS_SEARCH_USER_PATHS = NO;
				CLANG_ANALYZER_NONNULL = YES;
				CLANG_ANALYZER_NUMBER_OBJECT_CONVERSION = YES_AGGRESSIVE;
				CLANG_CXX_LANGUAGE_STANDARD = "gnu++14";
				CLANG_CXX_LIBRARY = "libc++";
				CLANG_ENABLE_MODULES = YES;
				CLANG_ENABLE_OBJC_ARC = YES;
				CLANG_ENABLE_OBJC_WEAK = YES;
				CLANG_WARN_BLOCK_CAPTURE_AUTORELEASING = YES;
				CLANG_WARN_BOOL_CONVERSION = YES;
				CLANG_WARN_COMMA = YES;
				CLANG_WARN_CONSTANT_CONVERSION = YES;
				CLANG_WARN_DEPRECATED_OBJC_IMPLEMENTATIONS = YES;
				CLANG_WARN_DIRECT_OBJC_ISA_USAGE = YES_ERROR;
				CLANG_WARN_DOCUMENTATION_COMMENTS = YES;
				CLANG_WARN_EMPTY_BODY = YES;
				CLANG_WARN_ENUM_CONVERSION = YES;
				CLANG_WARN_INFINITE_RECURSION = YES;
				CLANG_WARN_INT_CONVERSION = YES;
				CLANG_WARN_NON_LITERAL_NULL_CONVERSION = YES;
				CLANG_WARN_OBJC_IMPLICIT_RETAIN_SELF = YES;
				CLANG_WARN_OBJC_LITERAL_CONVERSION = YES;
				CLANG_WARN_OBJC_ROOT_CLASS = YES_ERROR;
				CLANG_WARN_QUOTED_INCLUDE_IN_FRAMEWORK_HEADER = YES;
				CLANG_WARN_RANGE_LOOP_ANALYSIS = YES;
				CLANG_WARN_STRICT_PROTOTYPES = YES;
				CLANG_WARN_SUSPICIOUS_MOVE = YES;
				CLANG_WARN_UNGUARDED_AVAILABILITY = YES_AGGRESSIVE;
				CLANG_WARN_UNREACHABLE_CODE = YES;
				CLANG_WARN__DUPLICATE_METHOD_MATCH = YES;
				COPY_PHASE_STRIP = NO;
				DEBUG_INFORMATION_FORMAT = "dwarf-with-dsym";
				ENABLE_NS_ASSERTIONS = NO;
				ENABLE_STRICT_OBJC_MSGSEND = YES;
				GCC_C_LANGUAGE_STANDARD = gnu11;
				GCC_NO_COMMON_BLOCKS = YES;
				GCC_WARN_64_TO_32_BIT_CONVERSION = YES;
				GCC_WARN_ABOUT_RETURN_TYPE = YES_ERROR;
				GCC_WARN_UNDECLARED_SELECTOR = YES;
				GCC_WARN_UNINITIALIZED_AUTOS = YES_AGGRESSIVE;
				GCC_WARN_UNUSED_FUNCTION = YES;
				GCC_WARN_UNUSED_VARIABLE = YES;
				IPHONEOS_DEPLOYMENT_TARGET = 15.0;
				MTL_ENABLE_DEBUG_INFO = NO;
				MTL_FAST_MATH = YES;
				SDKROOT = iphoneos;
				SWIFT_COMPILATION_MODE = wholemodule;
				SWIFT_OPTIMIZATION_LEVEL = "-O";
				VALIDATE_PRODUCT = YES;
			};
			name = Release;
		};
		037F796225E6A3F4001A34B9 /* Debug */ = {
			isa = XCBuildConfiguration;
			baseConfigurationReference = E7138FB98CDD2573FBDFA9A3 /* Pods-FlightRests.debug.xcconfig */;
			buildSettings = {
				ASSETCATALOG_COMPILER_APPICON_NAME = AppIcon;
				ASSETCATALOG_COMPILER_GLOBAL_ACCENT_COLOR_NAME = AccentColor;
				CODE_SIGN_STYLE = Automatic;
				CURRENT_PROJECT_VERSION = 8;
				DEVELOPMENT_ASSET_PATHS = "\"FlightRests/Preview Content\"";
				DEVELOPMENT_TEAM = NPT8P6J66Z;
				ENABLE_PREVIEWS = YES;
				INFOPLIST_FILE = FlightRests/Info.plist;
				IPHONEOS_DEPLOYMENT_TARGET = 15.0;
				LD_RUNPATH_SEARCH_PATHS = (
					"$(inherited)",
					"@executable_path/Frameworks",
				);
				MARKETING_VERSION = 1.1;
				PRODUCT_BUNDLE_IDENTIFIER = Boavida.FlightRests;
				PRODUCT_NAME = "$(TARGET_NAME)";
				SWIFT_VERSION = 5.0;
				TARGETED_DEVICE_FAMILY = "1,2";
			};
			name = Debug;
		};
		037F796325E6A3F4001A34B9 /* Release */ = {
			isa = XCBuildConfiguration;
			baseConfigurationReference = 4CBF295E110C2FF4F07D1BF0 /* Pods-FlightRests.release.xcconfig */;
			buildSettings = {
				ASSETCATALOG_COMPILER_APPICON_NAME = AppIcon;
				ASSETCATALOG_COMPILER_GLOBAL_ACCENT_COLOR_NAME = AccentColor;
				CODE_SIGN_STYLE = Automatic;
				CURRENT_PROJECT_VERSION = 8;
				DEVELOPMENT_ASSET_PATHS = "\"FlightRests/Preview Content\"";
				DEVELOPMENT_TEAM = NPT8P6J66Z;
				ENABLE_PREVIEWS = YES;
				INFOPLIST_FILE = FlightRests/Info.plist;
				IPHONEOS_DEPLOYMENT_TARGET = 15.0;
				LD_RUNPATH_SEARCH_PATHS = (
					"$(inherited)",
					"@executable_path/Frameworks",
				);
				MARKETING_VERSION = 1.1;
				PRODUCT_BUNDLE_IDENTIFIER = Boavida.FlightRests;
				PRODUCT_NAME = "$(TARGET_NAME)";
				SWIFT_VERSION = 5.0;
				TARGETED_DEVICE_FAMILY = "1,2";
			};
			name = Release;
		};
		037F796525E6A3F4001A34B9 /* Debug */ = {
			isa = XCBuildConfiguration;
			baseConfigurationReference = 26377A16B43F715992BCA64E /* Pods-FlightRestsTests.debug.xcconfig */;
			buildSettings = {
				ALWAYS_EMBED_SWIFT_STANDARD_LIBRARIES = YES;
				BUNDLE_LOADER = "$(TEST_HOST)";
				CODE_SIGN_STYLE = Automatic;
				DEVELOPMENT_TEAM = NPT8P6J66Z;
				INFOPLIST_FILE = FlightRestsTests/Info.plist;
				IPHONEOS_DEPLOYMENT_TARGET = 15.0;
				LD_RUNPATH_SEARCH_PATHS = (
					"$(inherited)",
					"@executable_path/Frameworks",
					"@loader_path/Frameworks",
				);
				PRODUCT_BUNDLE_IDENTIFIER = Boavida.FlightRestsTests;
				PRODUCT_NAME = "$(TARGET_NAME)";
				SWIFT_VERSION = 5.0;
				TARGETED_DEVICE_FAMILY = "1,2";
				TEST_HOST = "$(BUILT_PRODUCTS_DIR)/FlightRests.app/FlightRests";
			};
			name = Debug;
		};
		037F796625E6A3F4001A34B9 /* Release */ = {
			isa = XCBuildConfiguration;
			baseConfigurationReference = EBCC1560A6FABC03F6C5E45A /* Pods-FlightRestsTests.release.xcconfig */;
			buildSettings = {
				ALWAYS_EMBED_SWIFT_STANDARD_LIBRARIES = YES;
				BUNDLE_LOADER = "$(TEST_HOST)";
				CODE_SIGN_STYLE = Automatic;
				DEVELOPMENT_TEAM = NPT8P6J66Z;
				INFOPLIST_FILE = FlightRestsTests/Info.plist;
				IPHONEOS_DEPLOYMENT_TARGET = 15.0;
				LD_RUNPATH_SEARCH_PATHS = (
					"$(inherited)",
					"@executable_path/Frameworks",
					"@loader_path/Frameworks",
				);
				PRODUCT_BUNDLE_IDENTIFIER = Boavida.FlightRestsTests;
				PRODUCT_NAME = "$(TARGET_NAME)";
				SWIFT_VERSION = 5.0;
				TARGETED_DEVICE_FAMILY = "1,2";
				TEST_HOST = "$(BUILT_PRODUCTS_DIR)/FlightRests.app/FlightRests";
			};
			name = Release;
		};
		037F796825E6A3F4001A34B9 /* Debug */ = {
			isa = XCBuildConfiguration;
			baseConfigurationReference = 57A33033B643B97DDCCDC282 /* Pods-FlightRests-FlightRestsUITests.debug.xcconfig */;
			buildSettings = {
				ALWAYS_EMBED_SWIFT_STANDARD_LIBRARIES = YES;
				CODE_SIGN_STYLE = Automatic;
				DEVELOPMENT_TEAM = NPT8P6J66Z;
				INFOPLIST_FILE = FlightRestsUITests/Info.plist;
				LD_RUNPATH_SEARCH_PATHS = (
					"$(inherited)",
					"@executable_path/Frameworks",
					"@loader_path/Frameworks",
				);
				PRODUCT_BUNDLE_IDENTIFIER = Boavida.FlightRestsUITests;
				PRODUCT_NAME = "$(TARGET_NAME)";
				SWIFT_VERSION = 5.0;
				TARGETED_DEVICE_FAMILY = "1,2";
				TEST_TARGET_NAME = FlightRests;
			};
			name = Debug;
		};
		037F796925E6A3F4001A34B9 /* Release */ = {
			isa = XCBuildConfiguration;
			baseConfigurationReference = 32B05C255557E73880ED2AD8 /* Pods-FlightRests-FlightRestsUITests.release.xcconfig */;
			buildSettings = {
				ALWAYS_EMBED_SWIFT_STANDARD_LIBRARIES = YES;
				CODE_SIGN_STYLE = Automatic;
				DEVELOPMENT_TEAM = NPT8P6J66Z;
				INFOPLIST_FILE = FlightRestsUITests/Info.plist;
				LD_RUNPATH_SEARCH_PATHS = (
					"$(inherited)",
					"@executable_path/Frameworks",
					"@loader_path/Frameworks",
				);
				PRODUCT_BUNDLE_IDENTIFIER = Boavida.FlightRestsUITests;
				PRODUCT_NAME = "$(TARGET_NAME)";
				SWIFT_VERSION = 5.0;
				TARGETED_DEVICE_FAMILY = "1,2";
				TEST_TARGET_NAME = FlightRests;
			};
			name = Release;
		};
/* End XCBuildConfiguration section */

/* Begin XCConfigurationList section */
		037F793725E6A3EA001A34B9 /* Build configuration list for PBXProject "FlightRests" */ = {
			isa = XCConfigurationList;
			buildConfigurations = (
				037F795F25E6A3F4001A34B9 /* Debug */,
				037F796025E6A3F4001A34B9 /* Release */,
			);
			defaultConfigurationIsVisible = 0;
			defaultConfigurationName = Release;
		};
		037F796125E6A3F4001A34B9 /* Build configuration list for PBXNativeTarget "FlightRests" */ = {
			isa = XCConfigurationList;
			buildConfigurations = (
				037F796225E6A3F4001A34B9 /* Debug */,
				037F796325E6A3F4001A34B9 /* Release */,
			);
			defaultConfigurationIsVisible = 0;
			defaultConfigurationName = Release;
		};
		037F796425E6A3F4001A34B9 /* Build configuration list for PBXNativeTarget "FlightRestsTests" */ = {
			isa = XCConfigurationList;
			buildConfigurations = (
				037F796525E6A3F4001A34B9 /* Debug */,
				037F796625E6A3F4001A34B9 /* Release */,
			);
			defaultConfigurationIsVisible = 0;
			defaultConfigurationName = Release;
		};
		037F796725E6A3F4001A34B9 /* Build configuration list for PBXNativeTarget "FlightRestsUITests" */ = {
			isa = XCConfigurationList;
			buildConfigurations = (
				037F796825E6A3F4001A34B9 /* Debug */,
				037F796925E6A3F4001A34B9 /* Release */,
			);
			defaultConfigurationIsVisible = 0;
			defaultConfigurationName = Release;
		};
/* End XCConfigurationList section */
	};
	rootObject = 037F793425E6A3E9001A34B9 /* Project object */;
}
